
Microsoft Visual Studio Solution File, Format Version 12.00
# Visual Studio 2013
VisualStudioVersion = 12.0.31101.0
MinimumVisualStudioVersion = 10.0.40219.1
Project("{FAE04EC0-301F-11D3-BF4B-00C04F79EFBC}") = "PDFConverter", "PDFConverter.csproj", "{41CBEC05-69B0-45E1-BBF1-82397C0AF66B}"
EndProject
Project("{FAE04EC0-301F-11D3-BF4B-00C04F79EFBC}") = "PDFConverterMulti", "PDFConverterMulti\PDFConverterMulti.csproj", "{8378A332-D835-4339-B1BE-7C62969BFCD5}"
EndProject
Global
	GlobalSection(SolutionConfigurationPlatforms) = preSolution
		Debug|Any CPU = Debug|Any CPU
		Release|Any CPU = Release|Any CPU
	EndGlobalSection
	GlobalSection(ProjectConfigurationPlatforms) = postSolution
		{41CBEC05-69B0-45E1-BBF1-82397C0AF66B}.Debug|Any CPU.ActiveCfg = Debug|Any CPU
		{41CBEC05-69B0-45E1-BBF1-82397C0AF66B}.Debug|Any CPU.Build.0 = Debug|Any CPU
		{41CBEC05-69B0-45E1-BBF1-82397C0AF66B}.Release|Any CPU.ActiveCfg = Release|Any CPU
		{41CBEC05-69B0-45E1-BBF1-82397C0AF66B}.Release|Any CPU.Build.0 = Release|Any CPU
		{8378A332-D835-4339-B1BE-7C62969BFCD5}.Debug|Any CPU.ActiveCfg = Debug|Any CPU
		{8378A332-D835-4339-B1BE-7C62969BFCD5}.Debug|Any CPU.Build.0 = Debug|Any CPU
		{8378A332-D835-4339-B1BE-7C62969BFCD5}.Release|Any CPU.ActiveCfg = Release|Any CPU
		{8378A332-D835-4339-B1BE-7C62969BFCD5}.Release|Any CPU.Build.0 = Release|Any CPU
	EndGlobalSection
	GlobalSection(SolutionProperties) = preSolution
		HideSolutionNode = FALSE
	EndGlobalSection
EndGlobal
